<?xml version="1.0" encoding="utf-8"?>
<Project ToolsVersion="4.0" xmlns="http://schemas.microsoft.com/developer/msbuild/2003">
  <ItemGroup>
    <ClCompile Include="memory.cpp">
      <Filter>Memory</Filter>
    </ClCompile>
    <ClCompile Include="main.cpp">
      <Filter>Source</Filter>
    </ClCompile>
  </ItemGroup>
  <ItemGroup>
    <ClInclude Include="memory.h">
      <Filter>Memory</Filter>
    </ClInclude>
    <ClInclude Include="structs.h">
      <Filter>Source</Filter>
    </ClInclude>
    <ClInclude Include="utils.h">
      <Filter>Utils</Filter>
    </ClInclude>
    <ClInclude Include="xorstr.h">
      <Filter>Utils</Filter>
    </ClInclude>
  </ItemGroup>
  <ItemGroup>
    <Filter Include="Source">
      <UniqueIdentifier>{d7ff4ad0-0001-4b92-a429-02cc40745877}</UniqueIdentifier>
    </Filter>
    <Filter Include="Utils">
      <UniqueIdentifier>{5a908f3a-0ed6-4c4b-8ad6-06e641b9f690}</UniqueIdentifier>
    </Filter>
    <Filter Include="Memory">
      <UniqueIdentifier>{27d53f96-e836-407c-95be-6c4f9ea8c04c}</UniqueIdentifier>
    </Filter>
  </ItemGroup>
</Project>